// !$*UTF8*$!
{
	archiveVersion = 1;
	classes = {
	};
	objectVersion = 46;
	objects = {

/* Begin PBXBuildFile section */
		259050DADBA49C1A5B654B2B /* Pods_MoGen_motoswift.framework in Frameworks */ = {isa = PBXBuildFile; fileRef = 92589157B81E7351EA0494C7 /* Pods_MoGen_motoswift.framework */; };
		4BF400CACAD51483ACCDCFE7 /* Pods_UnitTests.framework in Frameworks */ = {isa = PBXBuildFile; fileRef = 018000D12844EF804C625813 /* Pods_UnitTests.framework */; };
		655EDDF4A3B2B098B14A5821 /* Pods_motoswift.framework in Frameworks */ = {isa = PBXBuildFile; fileRef = 13724EB36663619F228E2CE0 /* Pods_motoswift.framework */; };
		7848AE561DAB9E4A004EAC1A /* GeneratedExample.swift in Sources */ = {isa = PBXBuildFile; fileRef = 7848AE551DAB9E4A004EAC1A /* GeneratedExample.swift */; };
		78A117261DAA92F200D066F8 /* main.swift in Sources */ = {isa = PBXBuildFile; fileRef = 78A117251DAA92F200D066F8 /* main.swift */; };
		78D6642D1DAAFBE100C549E6 /* human.stencil in Resources */ = {isa = PBXBuildFile; fileRef = 78D6642A1DAAF62800C549E6 /* human.stencil */; };
		78D6642E1DAAFBE100C549E6 /* machine.stencil in Resources */ = {isa = PBXBuildFile; fileRef = 78D6642B1DAAF62800C549E6 /* machine.stencil */; };
		78D664301DAB74CF00C549E6 /* ModelParserSpec.swift in Sources */ = {isa = PBXBuildFile; fileRef = 78D6642F1DAB74CF00C549E6 /* ModelParserSpec.swift */; };
		78D664331DAB763B00C549E6 /* TypesModel.xcdatamodeld in Sources */ = {isa = PBXBuildFile; fileRef = 78D664311DAB763B00C549E6 /* TypesModel.xcdatamodeld */; };
		78D664341DAB764C00C549E6 /* TypesModel.xcdatamodeld in CopyFiles */ = {isa = PBXBuildFile; fileRef = 78D664311DAB763B00C549E6 /* TypesModel.xcdatamodeld */; };
		78D664471DAB951E00C549E6 /* CodeGeneratorSpec.swift in Sources */ = {isa = PBXBuildFile; fileRef = 78D664461DAB951E00C549E6 /* CodeGeneratorSpec.swift */; };
/* End PBXBuildFile section */

/* Begin PBXCopyFilesBuildPhase section */
		78A117211DAA92F200D066F8 /* CopyFiles */ = {
			isa = PBXCopyFilesBuildPhase;
			buildActionMask = 2147483647;
			dstPath = /usr/share/man/man1/;
			dstSubfolderSpec = 0;
			files = (
			);
			runOnlyForDeploymentPostprocessing = 1;
		};
		78D664241DAAE84B00C549E6 /* CopyFiles */ = {
			isa = PBXCopyFilesBuildPhase;
			buildActionMask = 2147483647;
			dstPath = "";
			dstSubfolderSpec = 7;
			files = (
				78D664341DAB764C00C549E6 /* TypesModel.xcdatamodeld in CopyFiles */,
			);
			runOnlyForDeploymentPostprocessing = 0;
		};
/* End PBXCopyFilesBuildPhase section */

/* Begin PBXFileReference section */
		018000D12844EF804C625813 /* Pods_UnitTests.framework */ = {isa = PBXFileReference; explicitFileType = wrapper.framework; includeInIndex = 0; path = Pods_UnitTests.framework; sourceTree = BUILT_PRODUCTS_DIR; };
		10BD1D9673E653EB9E4EA077 /* Pods-UnitTests.debug.xcconfig */ = {isa = PBXFileReference; includeInIndex = 1; lastKnownFileType = text.xcconfig; name = "Pods-UnitTests.debug.xcconfig"; path = "Pods/Target Support Files/Pods-UnitTests/Pods-UnitTests.debug.xcconfig"; sourceTree = "<group>"; };
		13724EB36663619F228E2CE0 /* Pods_motoswift.framework */ = {isa = PBXFileReference; explicitFileType = wrapper.framework; includeInIndex = 0; path = Pods_motoswift.framework; sourceTree = BUILT_PRODUCTS_DIR; };
		1BF618DD853BF8F26BD52284 /* Pods-UnitTests.release.xcconfig */ = {isa = PBXFileReference; includeInIndex = 1; lastKnownFileType = text.xcconfig; name = "Pods-UnitTests.release.xcconfig"; path = "Pods/Target Support Files/Pods-UnitTests/Pods-UnitTests.release.xcconfig"; sourceTree = "<group>"; };
		3C842D590C44781C2EB08A73 /* Pods-motoswift.release.xcconfig */ = {isa = PBXFileReference; includeInIndex = 1; lastKnownFileType = text.xcconfig; name = "Pods-motoswift.release.xcconfig"; path = "Pods/Target Support Files/Pods-motoswift/Pods-motoswift.release.xcconfig"; sourceTree = "<group>"; };
		46AE199EEC153FA73328199D /* Pods-MoGen_Example.debug.xcconfig */ = {isa = PBXFileReference; includeInIndex = 1; lastKnownFileType = text.xcconfig; name = "Pods-MoGen_Example.debug.xcconfig"; path = "Pods/Target Support Files/Pods-MoGen_Example/Pods-MoGen_Example.debug.xcconfig"; sourceTree = "<group>"; };
		57A1799A8E96582EF949F5CA /* Pods-MoGen-motoswift.debug.xcconfig */ = {isa = PBXFileReference; includeInIndex = 1; lastKnownFileType = text.xcconfig; name = "Pods-MoGen-motoswift.debug.xcconfig"; path = "Pods/Target Support Files/Pods-MoGen-motoswift/Pods-MoGen-motoswift.debug.xcconfig"; sourceTree = "<group>"; };
		607FACE51AFB9204008FA782 /* UnitTests.xctest */ = {isa = PBXFileReference; explicitFileType = wrapper.cfbundle; includeInIndex = 0; path = UnitTests.xctest; sourceTree = BUILT_PRODUCTS_DIR; };
		607FACEA1AFB9204008FA782 /* Info.plist */ = {isa = PBXFileReference; lastKnownFileType = text.plist.xml; path = Info.plist; sourceTree = "<group>"; };
		6CB563B24BCA923FB0BCCEC1 /* LICENSE */ = {isa = PBXFileReference; includeInIndex = 1; lastKnownFileType = text; name = LICENSE; path = ../LICENSE; sourceTree = "<group>"; };
		7848AE551DAB9E4A004EAC1A /* GeneratedExample.swift */ = {isa = PBXFileReference; fileEncoding = 4; lastKnownFileType = sourcecode.swift; path = GeneratedExample.swift; sourceTree = "<group>"; };
		78A117231DAA92F200D066F8 /* motoswift */ = {isa = PBXFileReference; explicitFileType = "compiled.mach-o.executable"; includeInIndex = 0; path = motoswift; sourceTree = BUILT_PRODUCTS_DIR; };
		78A117251DAA92F200D066F8 /* main.swift */ = {isa = PBXFileReference; lastKnownFileType = sourcecode.swift; path = main.swift; sourceTree = "<group>"; };
		78D6642A1DAAF62800C549E6 /* human.stencil */ = {isa = PBXFileReference; fileEncoding = 4; lastKnownFileType = text; path = human.stencil; sourceTree = "<group>"; };
		78D6642B1DAAF62800C549E6 /* machine.stencil */ = {isa = PBXFileReference; fileEncoding = 4; lastKnownFileType = text; path = machine.stencil; sourceTree = "<group>"; };
		78D6642F1DAB74CF00C549E6 /* ModelParserSpec.swift */ = {isa = PBXFileReference; fileEncoding = 4; lastKnownFileType = sourcecode.swift; path = ModelParserSpec.swift; sourceTree = "<group>"; };
		78D664321DAB763B00C549E6 /* TypesModel.xcdatamodel */ = {isa = PBXFileReference; lastKnownFileType = wrapper.xcdatamodel; path = TypesModel.xcdatamodel; sourceTree = "<group>"; };
		78D664361DAB83A700C549E6 /* AllTypesClass+CoreDataClass.swift */ = {isa = PBXFileReference; fileEncoding = 4; lastKnownFileType = sourcecode.swift; path = "AllTypesClass+CoreDataClass.swift"; sourceTree = "<group>"; };
		78D664371DAB83A700C549E6 /* AllTypesClass+CoreDataProperties.swift */ = {isa = PBXFileReference; fileEncoding = 4; lastKnownFileType = sourcecode.swift; path = "AllTypesClass+CoreDataProperties.swift"; sourceTree = "<group>"; };
		78D664381DAB83A700C549E6 /* NumericTypesClass+CoreDataClass.swift */ = {isa = PBXFileReference; fileEncoding = 4; lastKnownFileType = sourcecode.swift; path = "NumericTypesClass+CoreDataClass.swift"; sourceTree = "<group>"; };
		78D664391DAB83A700C549E6 /* NumericTypesClass+CoreDataProperties.swift */ = {isa = PBXFileReference; fileEncoding = 4; lastKnownFileType = sourcecode.swift; path = "NumericTypesClass+CoreDataProperties.swift"; sourceTree = "<group>"; };
		78D6643A1DAB83A700C549E6 /* ScalarTypesClass+CoreDataClass.swift */ = {isa = PBXFileReference; fileEncoding = 4; lastKnownFileType = sourcecode.swift; path = "ScalarTypesClass+CoreDataClass.swift"; sourceTree = "<group>"; };
		78D6643B1DAB83A700C549E6 /* ScalarTypesClass+CoreDataProperties.swift */ = {isa = PBXFileReference; fileEncoding = 4; lastKnownFileType = sourcecode.swift; path = "ScalarTypesClass+CoreDataProperties.swift"; sourceTree = "<group>"; };
		78D664461DAB951E00C549E6 /* CodeGeneratorSpec.swift */ = {isa = PBXFileReference; fileEncoding = 4; lastKnownFileType = sourcecode.swift; path = CodeGeneratorSpec.swift; sourceTree = "<group>"; };
		7F87D5D6A8120B006409A68C /* Pods-MoGen-motoswift.release.xcconfig */ = {isa = PBXFileReference; includeInIndex = 1; lastKnownFileType = text.xcconfig; name = "Pods-MoGen-motoswift.release.xcconfig"; path = "Pods/Target Support Files/Pods-MoGen-motoswift/Pods-MoGen-motoswift.release.xcconfig"; sourceTree = "<group>"; };
		82FF945CDC2F9F6E2ED41C6B /* Pods_MoGen_Example.framework */ = {isa = PBXFileReference; explicitFileType = wrapper.framework; includeInIndex = 0; path = Pods_MoGen_Example.framework; sourceTree = BUILT_PRODUCTS_DIR; };
		92589157B81E7351EA0494C7 /* Pods_MoGen_motoswift.framework */ = {isa = PBXFileReference; explicitFileType = wrapper.framework; includeInIndex = 0; path = Pods_MoGen_motoswift.framework; sourceTree = BUILT_PRODUCTS_DIR; };
		B669E73464E7E9DA3D80D760 /* Pods_MoGen_Tests.framework */ = {isa = PBXFileReference; explicitFileType = wrapper.framework; includeInIndex = 0; path = Pods_MoGen_Tests.framework; sourceTree = BUILT_PRODUCTS_DIR; };
		BD45BE1CDCA40C3D99E6E1D8 /* Pods-MoGen-MoGen_Example.release.xcconfig */ = {isa = PBXFileReference; includeInIndex = 1; lastKnownFileType = text.xcconfig; name = "Pods-MoGen-MoGen_Example.release.xcconfig"; path = "Pods/Target Support Files/Pods-MoGen-MoGen_Example/Pods-MoGen-MoGen_Example.release.xcconfig"; sourceTree = "<group>"; };
		C16B58839A07DB1E4A6BA242 /* Pods-MoGen_Example.release.xcconfig */ = {isa = PBXFileReference; includeInIndex = 1; lastKnownFileType = text.xcconfig; name = "Pods-MoGen_Example.release.xcconfig"; path = "Pods/Target Support Files/Pods-MoGen_Example/Pods-MoGen_Example.release.xcconfig"; sourceTree = "<group>"; };
		DF3E4E1FC087172E79A50EF7 /* Pods-MoGen-MoGen_Example.debug.xcconfig */ = {isa = PBXFileReference; includeInIndex = 1; lastKnownFileType = text.xcconfig; name = "Pods-MoGen-MoGen_Example.debug.xcconfig"; path = "Pods/Target Support Files/Pods-MoGen-MoGen_Example/Pods-MoGen-MoGen_Example.debug.xcconfig"; sourceTree = "<group>"; };
		E23AE3C14AF2ED5160C446BD /* README.md */ = {isa = PBXFileReference; includeInIndex = 1; lastKnownFileType = net.daringfireball.markdown; name = README.md; path = ../README.md; sourceTree = "<group>"; };
		EAEA6D45C29C21476DD2B48E /* Pods-MoGen_Tests.release.xcconfig */ = {isa = PBXFileReference; includeInIndex = 1; lastKnownFileType = text.xcconfig; name = "Pods-MoGen_Tests.release.xcconfig"; path = "Pods/Target Support Files/Pods-MoGen_Tests/Pods-MoGen_Tests.release.xcconfig"; sourceTree = "<group>"; };
		EC889FCCA687397667F05C3E /* Pods-MoGen_Tests.debug.xcconfig */ = {isa = PBXFileReference; includeInIndex = 1; lastKnownFileType = text.xcconfig; name = "Pods-MoGen_Tests.debug.xcconfig"; path = "Pods/Target Support Files/Pods-MoGen_Tests/Pods-MoGen_Tests.debug.xcconfig"; sourceTree = "<group>"; };
		EDBE7FDE3D5459139C09F680 /* MoGen.podspec */ = {isa = PBXFileReference; includeInIndex = 1; lastKnownFileType = text; name = MoGen.podspec; path = ../MoGen.podspec; sourceTree = "<group>"; };
		F50B9332A0D48440D420DC64 /* Pods_MoGen_MoGen_Example.framework */ = {isa = PBXFileReference; explicitFileType = wrapper.framework; includeInIndex = 0; path = Pods_MoGen_MoGen_Example.framework; sourceTree = BUILT_PRODUCTS_DIR; };
		FF10E407C770A6B27EFF8C4E /* Pods-motoswift.debug.xcconfig */ = {isa = PBXFileReference; includeInIndex = 1; lastKnownFileType = text.xcconfig; name = "Pods-motoswift.debug.xcconfig"; path = "Pods/Target Support Files/Pods-motoswift/Pods-motoswift.debug.xcconfig"; sourceTree = "<group>"; };
/* End PBXFileReference section */

/* Begin PBXFrameworksBuildPhase section */
		607FACE21AFB9204008FA782 /* Frameworks */ = {
			isa = PBXFrameworksBuildPhase;
			buildActionMask = 2147483647;
			files = (
				4BF400CACAD51483ACCDCFE7 /* Pods_UnitTests.framework in Frameworks */,
			);
			runOnlyForDeploymentPostprocessing = 0;
		};
		78A117201DAA92F200D066F8 /* Frameworks */ = {
			isa = PBXFrameworksBuildPhase;
			buildActionMask = 2147483647;
			files = (
				259050DADBA49C1A5B654B2B /* Pods_MoGen_motoswift.framework in Frameworks */,
				655EDDF4A3B2B098B14A5821 /* Pods_motoswift.framework in Frameworks */,
			);
			runOnlyForDeploymentPostprocessing = 0;
		};
/* End PBXFrameworksBuildPhase section */

/* Begin PBXGroup section */
		328F1CDB4DDDECE532174C95 /* Pods */ = {
			isa = PBXGroup;
			children = (
				46AE199EEC153FA73328199D /* Pods-MoGen_Example.debug.xcconfig */,
				C16B58839A07DB1E4A6BA242 /* Pods-MoGen_Example.release.xcconfig */,
				EC889FCCA687397667F05C3E /* Pods-MoGen_Tests.debug.xcconfig */,
				EAEA6D45C29C21476DD2B48E /* Pods-MoGen_Tests.release.xcconfig */,
				DF3E4E1FC087172E79A50EF7 /* Pods-MoGen-MoGen_Example.debug.xcconfig */,
				BD45BE1CDCA40C3D99E6E1D8 /* Pods-MoGen-MoGen_Example.release.xcconfig */,
				57A1799A8E96582EF949F5CA /* Pods-MoGen-motoswift.debug.xcconfig */,
				7F87D5D6A8120B006409A68C /* Pods-MoGen-motoswift.release.xcconfig */,
				FF10E407C770A6B27EFF8C4E /* Pods-motoswift.debug.xcconfig */,
				3C842D590C44781C2EB08A73 /* Pods-motoswift.release.xcconfig */,
				10BD1D9673E653EB9E4EA077 /* Pods-UnitTests.debug.xcconfig */,
				1BF618DD853BF8F26BD52284 /* Pods-UnitTests.release.xcconfig */,
			);
			name = Pods;
			sourceTree = "<group>";
		};
		607FACC71AFB9204008FA782 = {
			isa = PBXGroup;
			children = (
				607FACF51AFB993E008FA782 /* Podspec Metadata */,
				607FACE81AFB9204008FA782 /* Tests */,
				78A117241DAA92F200D066F8 /* motoswift */,
				607FACD11AFB9204008FA782 /* Products */,
				328F1CDB4DDDECE532174C95 /* Pods */,
				91AFA2D8930D630FCC90C3D9 /* Frameworks */,
			);
			sourceTree = "<group>";
		};
		607FACD11AFB9204008FA782 /* Products */ = {
			isa = PBXGroup;
			children = (
				607FACE51AFB9204008FA782 /* UnitTests.xctest */,
				78A117231DAA92F200D066F8 /* motoswift */,
			);
			name = Products;
			sourceTree = "<group>";
		};
		607FACE81AFB9204008FA782 /* Tests */ = {
			isa = PBXGroup;
			children = (
				78D664291DAAF62800C549E6 /* Templates */,
				78D69F3E1DAAE71D00C30D7A /* Models */,
				607FACE91AFB9204008FA782 /* Supporting Files */,
				78D6642F1DAB74CF00C549E6 /* ModelParserSpec.swift */,
				78D664461DAB951E00C549E6 /* CodeGeneratorSpec.swift */,
			);
			path = Tests;
			sourceTree = "<group>";
		};
		607FACE91AFB9204008FA782 /* Supporting Files */ = {
			isa = PBXGroup;
			children = (
				607FACEA1AFB9204008FA782 /* Info.plist */,
			);
			name = "Supporting Files";
			sourceTree = "<group>";
		};
		607FACF51AFB993E008FA782 /* Podspec Metadata */ = {
			isa = PBXGroup;
			children = (
				EDBE7FDE3D5459139C09F680 /* MoGen.podspec */,
				E23AE3C14AF2ED5160C446BD /* README.md */,
				6CB563B24BCA923FB0BCCEC1 /* LICENSE */,
			);
			name = "Podspec Metadata";
			sourceTree = "<group>";
		};
		7848AE541DAB9E4A004EAC1A /* TypesModel_MotoSwift */ = {
			isa = PBXGroup;
			children = (
				7848AE551DAB9E4A004EAC1A /* GeneratedExample.swift */,
			);
			path = TypesModel_MotoSwift;
			sourceTree = "<group>";
		};
		78A117241DAA92F200D066F8 /* motoswift */ = {
			isa = PBXGroup;
			children = (
				78A117251DAA92F200D066F8 /* main.swift */,
			);
			path = motoswift;
			sourceTree = "<group>";
		};
		78D664291DAAF62800C549E6 /* Templates */ = {
			isa = PBXGroup;
			children = (
				78D6642A1DAAF62800C549E6 /* human.stencil */,
				78D6642B1DAAF62800C549E6 /* machine.stencil */,
			);
			path = Templates;
			sourceTree = "<group>";
		};
		78D664351DAB83A700C549E6 /* TypesModel_XCode */ = {
			isa = PBXGroup;
			children = (
				78D664361DAB83A700C549E6 /* AllTypesClass+CoreDataClass.swift */,
				78D664371DAB83A700C549E6 /* AllTypesClass+CoreDataProperties.swift */,
				78D664381DAB83A700C549E6 /* NumericTypesClass+CoreDataClass.swift */,
				78D664391DAB83A700C549E6 /* NumericTypesClass+CoreDataProperties.swift */,
				78D6643A1DAB83A700C549E6 /* ScalarTypesClass+CoreDataClass.swift */,
				78D6643B1DAB83A700C549E6 /* ScalarTypesClass+CoreDataProperties.swift */,
			);
			path = TypesModel_XCode;
			sourceTree = "<group>";
		};
		78D69F3E1DAAE71D00C30D7A /* Models */ = {
			isa = PBXGroup;
			children = (
				7848AE541DAB9E4A004EAC1A /* TypesModel_MotoSwift */,
				78D664351DAB83A700C549E6 /* TypesModel_XCode */,
				78D664311DAB763B00C549E6 /* TypesModel.xcdatamodeld */,
			);
			path = Models;
			sourceTree = "<group>";
		};
		91AFA2D8930D630FCC90C3D9 /* Frameworks */ = {
			isa = PBXGroup;
			children = (
				82FF945CDC2F9F6E2ED41C6B /* Pods_MoGen_Example.framework */,
				B669E73464E7E9DA3D80D760 /* Pods_MoGen_Tests.framework */,
				F50B9332A0D48440D420DC64 /* Pods_MoGen_MoGen_Example.framework */,
				92589157B81E7351EA0494C7 /* Pods_MoGen_motoswift.framework */,
				13724EB36663619F228E2CE0 /* Pods_motoswift.framework */,
				018000D12844EF804C625813 /* Pods_UnitTests.framework */,
			);
			name = Frameworks;
			sourceTree = "<group>";
		};
/* End PBXGroup section */

/* Begin PBXNativeTarget section */
		607FACE41AFB9204008FA782 /* UnitTests */ = {
			isa = PBXNativeTarget;
			buildConfigurationList = 607FACF21AFB9204008FA782 /* Build configuration list for PBXNativeTarget "UnitTests" */;
			buildPhases = (
				673CC2C93A9851A95EF0EDB1 /* [CP] Check Pods Manifest.lock */,
				607FACE11AFB9204008FA782 /* Sources */,
				607FACE21AFB9204008FA782 /* Frameworks */,
				78D664241DAAE84B00C549E6 /* CopyFiles */,
				607FACE31AFB9204008FA782 /* Resources */,
				DC56AEB55DDF8FB873F78EAD /* [CP] Embed Pods Frameworks */,
				7F997072D499907B9F5869A1 /* [CP] Copy Pods Resources */,
			);
			buildRules = (
			);
			dependencies = (
			);
			name = UnitTests;
			productName = Tests;
			productReference = 607FACE51AFB9204008FA782 /* UnitTests.xctest */;
			productType = "com.apple.product-type.bundle.unit-test";
		};
		78A117221DAA92F200D066F8 /* motoswift */ = {
			isa = PBXNativeTarget;
			buildConfigurationList = 78A117291DAA92F200D066F8 /* Build configuration list for PBXNativeTarget "motoswift" */;
			buildPhases = (
				FCF4EE1DDA1574F46DAF9107 /* [CP] Check Pods Manifest.lock */,
				78A1171F1DAA92F200D066F8 /* Sources */,
				78A117201DAA92F200D066F8 /* Frameworks */,
				78A117211DAA92F200D066F8 /* CopyFiles */,
				7D8EBB8D8F53DBCF42C0C1A7 /* [CP] Copy Pods Resources */,
			);
			buildRules = (
			);
			dependencies = (
			);
			name = motoswift;
			productName = motoswift;
			productReference = 78A117231DAA92F200D066F8 /* motoswift */;
			productType = "com.apple.product-type.tool";
		};
/* End PBXNativeTarget section */

/* Begin PBXProject section */
		607FACC81AFB9204008FA782 /* Project object */ = {
			isa = PBXProject;
			attributes = {
				LastSwiftUpdateCheck = 0810;
				LastUpgradeCheck = 0720;
				ORGANIZATIONNAME = CocoaPods;
				TargetAttributes = {
					607FACE41AFB9204008FA782 = {
						CreatedOnToolsVersion = 6.3.1;
						LastSwiftMigration = 0800;
						TestTargetID = 607FACCF1AFB9204008FA782;
					};
					78A117221DAA92F200D066F8 = {
						CreatedOnToolsVersion = 8.1;
						ProvisioningStyle = Automatic;
					};
				};
			};
			buildConfigurationList = 607FACCB1AFB9204008FA782 /* Build configuration list for PBXProject "MoGen" */;
			compatibilityVersion = "Xcode 3.2";
			developmentRegion = English;
			hasScannedForEncodings = 0;
			knownRegions = (
				en,
				Base,
			);
			mainGroup = 607FACC71AFB9204008FA782;
			productRefGroup = 607FACD11AFB9204008FA782 /* Products */;
			projectDirPath = "";
			projectRoot = "";
			targets = (
				78A117221DAA92F200D066F8 /* motoswift */,
				607FACE41AFB9204008FA782 /* UnitTests */,
			);
		};
/* End PBXProject section */

/* Begin PBXResourcesBuildPhase section */
		607FACE31AFB9204008FA782 /* Resources */ = {
			isa = PBXResourcesBuildPhase;
			buildActionMask = 2147483647;
			files = (
				78D6642E1DAAFBE100C549E6 /* machine.stencil in Resources */,
				78D6642D1DAAFBE100C549E6 /* human.stencil in Resources */,
			);
			runOnlyForDeploymentPostprocessing = 0;
		};
/* End PBXResourcesBuildPhase section */

/* Begin PBXShellScriptBuildPhase section */
		673CC2C93A9851A95EF0EDB1 /* [CP] Check Pods Manifest.lock */ = {
			isa = PBXShellScriptBuildPhase;
			buildActionMask = 2147483647;
			files = (
			);
			inputPaths = (
			);
			name = "[CP] Check Pods Manifest.lock";
			outputPaths = (
			);
			runOnlyForDeploymentPostprocessing = 0;
			shellPath = /bin/sh;
			shellScript = "diff \"${PODS_ROOT}/../Podfile.lock\" \"${PODS_ROOT}/Manifest.lock\" > /dev/null\nif [ $? != 0 ] ; then\n    # print error to STDERR\n    echo \"error: The sandbox is not in sync with the Podfile.lock. Run 'pod install' or update your CocoaPods installation.\" >&2\n    exit 1\nfi\n";
			showEnvVarsInLog = 0;
		};
		7D8EBB8D8F53DBCF42C0C1A7 /* [CP] Copy Pods Resources */ = {
			isa = PBXShellScriptBuildPhase;
			buildActionMask = 2147483647;
			files = (
			);
			inputPaths = (
			);
			name = "[CP] Copy Pods Resources";
			outputPaths = (
			);
			runOnlyForDeploymentPostprocessing = 0;
			shellPath = /bin/sh;
			shellScript = "\"${SRCROOT}/Pods/Target Support Files/Pods-motoswift/Pods-motoswift-resources.sh\"\n";
			showEnvVarsInLog = 0;
		};
		7F997072D499907B9F5869A1 /* [CP] Copy Pods Resources */ = {
			isa = PBXShellScriptBuildPhase;
			buildActionMask = 2147483647;
			files = (
			);
			inputPaths = (
			);
			name = "[CP] Copy Pods Resources";
			outputPaths = (
			);
			runOnlyForDeploymentPostprocessing = 0;
			shellPath = /bin/sh;
			shellScript = "\"${SRCROOT}/Pods/Target Support Files/Pods-UnitTests/Pods-UnitTests-resources.sh\"\n";
			showEnvVarsInLog = 0;
		};
		DC56AEB55DDF8FB873F78EAD /* [CP] Embed Pods Frameworks */ = {
			isa = PBXShellScriptBuildPhase;
			buildActionMask = 2147483647;
			files = (
			);
			inputPaths = (
			);
			name = "[CP] Embed Pods Frameworks";
			outputPaths = (
			);
			runOnlyForDeploymentPostprocessing = 0;
			shellPath = /bin/sh;
			shellScript = "\"${SRCROOT}/Pods/Target Support Files/Pods-UnitTests/Pods-UnitTests-frameworks.sh\"\n";
			showEnvVarsInLog = 0;
		};
		FCF4EE1DDA1574F46DAF9107 /* [CP] Check Pods Manifest.lock */ = {
			isa = PBXShellScriptBuildPhase;
			buildActionMask = 2147483647;
			files = (
			);
			inputPaths = (
			);
			name = "[CP] Check Pods Manifest.lock";
			outputPaths = (
			);
			runOnlyForDeploymentPostprocessing = 0;
			shellPath = /bin/sh;
			shellScript = "diff \"${PODS_ROOT}/../Podfile.lock\" \"${PODS_ROOT}/Manifest.lock\" > /dev/null\nif [ $? != 0 ] ; then\n    # print error to STDERR\n    echo \"error: The sandbox is not in sync with the Podfile.lock. Run 'pod install' or update your CocoaPods installation.\" >&2\n    exit 1\nfi\n";
			showEnvVarsInLog = 0;
		};
/* End PBXShellScriptBuildPhase section */

/* Begin PBXSourcesBuildPhase section */
		607FACE11AFB9204008FA782 /* Sources */ = {
			isa = PBXSourcesBuildPhase;
			buildActionMask = 2147483647;
			files = (
				78D664331DAB763B00C549E6 /* TypesModel.xcdatamodeld in Sources */,
				78D664301DAB74CF00C549E6 /* ModelParserSpec.swift in Sources */,
				78D664471DAB951E00C549E6 /* CodeGeneratorSpec.swift in Sources */,
			);
			runOnlyForDeploymentPostprocessing = 0;
		};
		78A1171F1DAA92F200D066F8 /* Sources */ = {
			isa = PBXSourcesBuildPhase;
			buildActionMask = 2147483647;
			files = (
				7848AE561DAB9E4A004EAC1A /* GeneratedExample.swift in Sources */,
				78A117261DAA92F200D066F8 /* main.swift in Sources */,
			);
			runOnlyForDeploymentPostprocessing = 0;
		};
/* End PBXSourcesBuildPhase section */

/* Begin XCBuildConfiguration section */
		607FACED1AFB9204008FA782 /* Debug */ = {
			isa = XCBuildConfiguration;
			buildSettings = {
				ALWAYS_SEARCH_USER_PATHS = NO;
				CLANG_CXX_LANGUAGE_STANDARD = "gnu++0x";
				CLANG_CXX_LIBRARY = "libc++";
				CLANG_ENABLE_MODULES = YES;
				CLANG_ENABLE_OBJC_ARC = YES;
				CLANG_WARN_BOOL_CONVERSION = YES;
				CLANG_WARN_CONSTANT_CONVERSION = YES;
				CLANG_WARN_DIRECT_OBJC_ISA_USAGE = YES_ERROR;
				CLANG_WARN_EMPTY_BODY = YES;
				CLANG_WARN_ENUM_CONVERSION = YES;
				CLANG_WARN_INT_CONVERSION = YES;
				CLANG_WARN_OBJC_ROOT_CLASS = YES_ERROR;
				CLANG_WARN_UNREACHABLE_CODE = YES;
				CLANG_WARN__DUPLICATE_METHOD_MATCH = YES;
				"CODE_SIGN_IDENTITY[sdk=iphoneos*]" = "iPhone Developer";
				COPY_PHASE_STRIP = NO;
				DEBUG_INFORMATION_FORMAT = "dwarf-with-dsym";
				ENABLE_STRICT_OBJC_MSGSEND = YES;
				ENABLE_TESTABILITY = YES;
				GCC_C_LANGUAGE_STANDARD = gnu99;
				GCC_DYNAMIC_NO_PIC = NO;
				GCC_NO_COMMON_BLOCKS = YES;
				GCC_OPTIMIZATION_LEVEL = 0;
				GCC_PREPROCESSOR_DEFINITIONS = (
					"DEBUG=1",
					"$(inherited)",
				);
				GCC_SYMBOLS_PRIVATE_EXTERN = NO;
				GCC_WARN_64_TO_32_BIT_CONVERSION = YES;
				GCC_WARN_ABOUT_RETURN_TYPE = YES_ERROR;
				GCC_WARN_UNDECLARED_SELECTOR = YES;
				GCC_WARN_UNINITIALIZED_AUTOS = YES_AGGRESSIVE;
				GCC_WARN_UNUSED_FUNCTION = YES;
				GCC_WARN_UNUSED_VARIABLE = YES;
				IPHONEOS_DEPLOYMENT_TARGET = 8.3;
				MTL_ENABLE_DEBUG_INFO = YES;
				ONLY_ACTIVE_ARCH = YES;
				SDKROOT = iphoneos;
				SWIFT_OPTIMIZATION_LEVEL = "-Onone";
			};
			name = Debug;
		};
		607FACEE1AFB9204008FA782 /* Release */ = {
			isa = XCBuildConfiguration;
			buildSettings = {
				ALWAYS_SEARCH_USER_PATHS = NO;
				CLANG_CXX_LANGUAGE_STANDARD = "gnu++0x";
				CLANG_CXX_LIBRARY = "libc++";
				CLANG_ENABLE_MODULES = YES;
				CLANG_ENABLE_OBJC_ARC = YES;
				CLANG_WARN_BOOL_CONVERSION = YES;
				CLANG_WARN_CONSTANT_CONVERSION = YES;
				CLANG_WARN_DIRECT_OBJC_ISA_USAGE = YES_ERROR;
				CLANG_WARN_EMPTY_BODY = YES;
				CLANG_WARN_ENUM_CONVERSION = YES;
				CLANG_WARN_INT_CONVERSION = YES;
				CLANG_WARN_OBJC_ROOT_CLASS = YES_ERROR;
				CLANG_WARN_UNREACHABLE_CODE = YES;
				CLANG_WARN__DUPLICATE_METHOD_MATCH = YES;
				"CODE_SIGN_IDENTITY[sdk=iphoneos*]" = "iPhone Developer";
				COPY_PHASE_STRIP = NO;
				DEBUG_INFORMATION_FORMAT = "dwarf-with-dsym";
				ENABLE_NS_ASSERTIONS = NO;
				ENABLE_STRICT_OBJC_MSGSEND = YES;
				GCC_C_LANGUAGE_STANDARD = gnu99;
				GCC_NO_COMMON_BLOCKS = YES;
				GCC_WARN_64_TO_32_BIT_CONVERSION = YES;
				GCC_WARN_ABOUT_RETURN_TYPE = YES_ERROR;
				GCC_WARN_UNDECLARED_SELECTOR = YES;
				GCC_WARN_UNINITIALIZED_AUTOS = YES_AGGRESSIVE;
				GCC_WARN_UNUSED_FUNCTION = YES;
				GCC_WARN_UNUSED_VARIABLE = YES;
				IPHONEOS_DEPLOYMENT_TARGET = 8.3;
				MTL_ENABLE_DEBUG_INFO = NO;
				SDKROOT = iphoneos;
				VALIDATE_PRODUCT = YES;
			};
			name = Release;
		};
		607FACF31AFB9204008FA782 /* Debug */ = {
			isa = XCBuildConfiguration;
			baseConfigurationReference = 10BD1D9673E653EB9E4EA077 /* Pods-UnitTests.debug.xcconfig */;
			buildSettings = {
				FRAMEWORK_SEARCH_PATHS = (
					"$(SDKROOT)/Developer/Library/Frameworks",
					"$(inherited)",
				);
				GCC_PREPROCESSOR_DEFINITIONS = (
					"DEBUG=1",
					"$(inherited)",
				);
				INFOPLIST_FILE = Tests/Info.plist;
				LD_RUNPATH_SEARCH_PATHS = "$(inherited) @executable_path/Frameworks @loader_path/Frameworks @executable_path/../Frameworks @loader_path/../Frameworks";
				PRODUCT_BUNDLE_IDENTIFIER = "org.cocoapods.$(PRODUCT_NAME:rfc1034identifier)";
				PRODUCT_NAME = "$(TARGET_NAME)";
				SDKROOT = macosx10.12;
				SWIFT_VERSION = 3.0;
			};
			name = Debug;
		};
		607FACF41AFB9204008FA782 /* Release */ = {
			isa = XCBuildConfiguration;
			baseConfigurationReference = 1BF618DD853BF8F26BD52284 /* Pods-UnitTests.release.xcconfig */;
			buildSettings = {
				FRAMEWORK_SEARCH_PATHS = (
					"$(SDKROOT)/Developer/Library/Frameworks",
					"$(inherited)",
				);
				INFOPLIST_FILE = Tests/Info.plist;
				LD_RUNPATH_SEARCH_PATHS = "$(inherited) @executable_path/Frameworks @loader_path/Frameworks @executable_path/../Frameworks @loader_path/../Frameworks";
				PRODUCT_BUNDLE_IDENTIFIER = "org.cocoapods.$(PRODUCT_NAME:rfc1034identifier)";
				PRODUCT_NAME = "$(TARGET_NAME)";
				SDKROOT = macosx10.12;
				SWIFT_VERSION = 3.0;
			};
			name = Release;
		};
		78A117271DAA92F200D066F8 /* Debug */ = {
			isa = XCBuildConfiguration;
			baseConfigurationReference = FF10E407C770A6B27EFF8C4E /* Pods-motoswift.debug.xcconfig */;
			buildSettings = {
				ALWAYS_EMBED_SWIFT_STANDARD_LIBRARIES = YES;
				CLANG_ANALYZER_NONNULL = YES;
				CLANG_WARN_DOCUMENTATION_COMMENTS = YES;
				CLANG_WARN_INFINITE_RECURSION = YES;
				CLANG_WARN_SUSPICIOUS_MOVES = YES;
				CODE_SIGN_IDENTITY = "-";
				DEBUG_INFORMATION_FORMAT = dwarf;
				LD_RUNPATH_SEARCH_PATHS = "$(inherited) '@executable_path/../Frameworks' '@loader_path/Frameworks' '@executable_path/Commander' '@executable_path/MoGen' '@executable_path/PathKit' '@executable_path/SWXMLHash' '@executable_path/Stencil' '@executable_path/../Pods'";
				MACOSX_DEPLOYMENT_TARGET = 10.10;
				PRODUCT_NAME = "$(TARGET_NAME)";
				SDKROOT = macosx;
				SWIFT_VERSION = 3.0;
			};
			name = Debug;
		};
		78A117281DAA92F200D066F8 /* Release */ = {
			isa = XCBuildConfiguration;
			baseConfigurationReference = 3C842D590C44781C2EB08A73 /* Pods-motoswift.release.xcconfig */;
			buildSettings = {
				ALWAYS_EMBED_SWIFT_STANDARD_LIBRARIES = YES;
				CLANG_ANALYZER_NONNULL = YES;
				CLANG_WARN_DOCUMENTATION_COMMENTS = YES;
				CLANG_WARN_INFINITE_RECURSION = YES;
				CLANG_WARN_SUSPICIOUS_MOVES = YES;
				CODE_SIGN_IDENTITY = "-";
				LD_RUNPATH_SEARCH_PATHS = "$(inherited) '@executable_path/../Frameworks' '@loader_path/Frameworks' '@executable_path/Commander' '@executable_path/MoGen' '@executable_path/PathKit' '@executable_path/SWXMLHash' '@executable_path/Stencil' '@executable_path/../Pods'";
				MACOSX_DEPLOYMENT_TARGET = 10.10;
				PRODUCT_NAME = "$(TARGET_NAME)";
				SDKROOT = macosx;
				SWIFT_VERSION = 3.0;
			};
			name = Release;
		};
/* End XCBuildConfiguration section */

/* Begin XCConfigurationList section */
		607FACCB1AFB9204008FA782 /* Build configuration list for PBXProject "MoGen" */ = {
			isa = XCConfigurationList;
			buildConfigurations = (
				607FACED1AFB9204008FA782 /* Debug */,
				607FACEE1AFB9204008FA782 /* Release */,
			);
			defaultConfigurationIsVisible = 0;
			defaultConfigurationName = Release;
		};
		607FACF21AFB9204008FA782 /* Build configuration list for PBXNativeTarget "UnitTests" */ = {
			isa = XCConfigurationList;
			buildConfigurations = (
				607FACF31AFB9204008FA782 /* Debug */,
				607FACF41AFB9204008FA782 /* Release */,
			);
			defaultConfigurationIsVisible = 0;
			defaultConfigurationName = Release;
		};
		78A117291DAA92F200D066F8 /* Build configuration list for PBXNativeTarget "motoswift" */ = {
			isa = XCConfigurationList;
			buildConfigurations = (
				78A117271DAA92F200D066F8 /* Debug */,
				78A117281DAA92F200D066F8 /* Release */,
			);
			defaultConfigurationIsVisible = 0;
			defaultConfigurationName = Release;
		};
/* End XCConfigurationList section */

/* Begin XCVersionGroup section */
		78D664311DAB763B00C549E6 /* TypesModel.xcdatamodeld */ = {
			isa = XCVersionGroup;
			children = (
				78D664321DAB763B00C549E6 /* TypesModel.xcdatamodel */,
			);
			currentVersion = 78D664321DAB763B00C549E6 /* TypesModel.xcdatamodel */;
			path = TypesModel.xcdatamodeld;
			sourceTree = "<group>";
			versionGroupType = wrapper.xcdatamodel;
		};
/* End XCVersionGroup section */
	};
	rootObject = 607FACC81AFB9204008FA782 /* Project object */;
}
